
Microsoft Visual Studio Solution File, Format Version 12.00
# Visual Studio Version 17
VisualStudioVersion = 17.14.36623.8 d17.14
MinimumVisualStudioVersion = 10.0.40219.1
Project("{FAE04EC0-301F-11D3-BF4B-00C04F79EFBC}") = "StudentApp", "StudentApp\StudentApp.csproj", "{39D2252A-8B95-4D5A-9EF2-7BB9B9487EFE}"
EndProject
Global
	GlobalSection(SolutionConfigurationPlatforms) = preSolution
		Debug|Any CPU = Debug|Any CPU
		Release|Any CPU = Release|Any CPU
	EndGlobalSection
	GlobalSection(ProjectConfigurationPlatforms) = postSolution
		{39D2252A-8B95-4D5A-9EF2-7BB9B9487EFE}.Debug|Any CPU.ActiveCfg = Debug|Any CPU
		{39D2252A-8B95-4D5A-9EF2-7BB9B9487EFE}.Debug|Any CPU.Build.0 = Debug|Any CPU
		{39D2252A-8B95-4D5A-9EF2-7BB9B9487EFE}.Release|Any CPU.ActiveCfg = Release|Any CPU
		{39D2252A-8B95-4D5A-9EF2-7BB9B9487EFE}.Release|Any CPU.Build.0 = Release|Any CPU
	EndGlobalSection
	GlobalSection(SolutionProperties) = preSolution
		HideSolutionNode = FALSE
	EndGlobalSection
	GlobalSection(ExtensibilityGlobals) = postSolution
		SolutionGuid = {A9832F47-8648-4747-A85A-214452299538}
	EndGlobalSection
EndGlobal
